// !$*UTF8*$!
{
	archiveVersion = 1;
	classes = {
	};
	objectVersion = 46;
	objects = {

/* Begin PBXBuildFile section */
		84C2DD4518D43A880031DB55 /* Foundation.framework in Frameworks */ = {isa = PBXBuildFile; fileRef = 84C2DD4418D43A880031DB55 /* Foundation.framework */; };
		84C2DD4718D43A880031DB55 /* CoreGraphics.framework in Frameworks */ = {isa = PBXBuildFile; fileRef = 84C2DD4618D43A880031DB55 /* CoreGraphics.framework */; };
		84C2DD4918D43A880031DB55 /* UIKit.framework in Frameworks */ = {isa = PBXBuildFile; fileRef = 84C2DD4818D43A880031DB55 /* UIKit.framework */; };
		84C2DD4F18D43A880031DB55 /* InfoPlist.strings in Resources */ = {isa = PBXBuildFile; fileRef = 84C2DD4D18D43A880031DB55 /* InfoPlist.strings */; };
		84C2DD5118D43A880031DB55 /* main.m in Sources */ = {isa = PBXBuildFile; fileRef = 84C2DD5018D43A880031DB55 /* main.m */; };
		84C2DD5518D43A880031DB55 /* K3AppDelegate.m in Sources */ = {isa = PBXBuildFile; fileRef = 84C2DD5418D43A880031DB55 /* K3AppDelegate.m */; };
		84C2DD5818D43A880031DB55 /* Main.storyboard in Resources */ = {isa = PBXBuildFile; fileRef = 84C2DD5618D43A880031DB55 /* Main.storyboard */; };
		84C2DD5D18D43A880031DB55 /* Images.xcassets in Resources */ = {isa = PBXBuildFile; fileRef = 84C2DD5C18D43A880031DB55 /* Images.xcassets */; };
		84C2DD6418D43A880031DB55 /* XCTest.framework in Frameworks */ = {isa = PBXBuildFile; fileRef = 84C2DD6318D43A880031DB55 /* XCTest.framework */; };
		84C2DD6518D43A880031DB55 /* Foundation.framework in Frameworks */ = {isa = PBXBuildFile; fileRef = 84C2DD4418D43A880031DB55 /* Foundation.framework */; };
		84C2DD6618D43A880031DB55 /* UIKit.framework in Frameworks */ = {isa = PBXBuildFile; fileRef = 84C2DD4818D43A880031DB55 /* UIKit.framework */; };
		84C2DD6E18D43A880031DB55 /* InfoPlist.strings in Resources */ = {isa = PBXBuildFile; fileRef = 84C2DD6C18D43A880031DB55 /* InfoPlist.strings */; };
		84C2DD7018D43A880031DB55 /* Hacker_News_FeedTests.m in Sources */ = {isa = PBXBuildFile; fileRef = 84C2DD6F18D43A880031DB55 /* Hacker_News_FeedTests.m */; };
		84C2DD8418D43CDA0031DB55 /* K3FeedController.m in Sources */ = {isa = PBXBuildFile; fileRef = 84C2DD8318D43CDA0031DB55 /* K3FeedController.m */; };
		84C2DD8718D43D3A0031DB55 /* K3FeedService.m in Sources */ = {isa = PBXBuildFile; fileRef = 84C2DD8618D43D3A0031DB55 /* K3FeedService.m */; };
		84C2DD8D18D44ED80031DB55 /* K3FeedDetailController.m in Sources */ = {isa = PBXBuildFile; fileRef = 84C2DD8C18D44ED80031DB55 /* K3FeedDetailController.m */; };
		A5EA79C4EAA74691A7AB768C /* libPods.a in Frameworks */ = {isa = PBXBuildFile; fileRef = 998A0BB838C5439590FE997D /* libPods.a */; };
/* End PBXBuildFile section */

/* Begin PBXContainerItemProxy section */
		84C2DD6718D43A880031DB55 /* PBXContainerItemProxy */ = {
			isa = PBXContainerItemProxy;
			containerPortal = 84C2DD3918D43A880031DB55 /* Project object */;
			proxyType = 1;
			remoteGlobalIDString = 84C2DD4018D43A880031DB55;
			remoteInfo = "Hacker News Feed";
		};
/* End PBXContainerItemProxy section */

/* Begin PBXFileReference section */
		56103EAB2DF848F6B1C0EEB3 /* Pods.xcconfig */ = {isa = PBXFileReference; includeInIndex = 1; lastKnownFileType = text.xcconfig; name = Pods.xcconfig; path = Pods/Pods.xcconfig; sourceTree = "<group>"; };
		84C2DD4118D43A880031DB55 /* Hacker News Feed.app */ = {isa = PBXFileReference; explicitFileType = wrapper.application; includeInIndex = 0; path = "Hacker News Feed.app"; sourceTree = BUILT_PRODUCTS_DIR; };
		84C2DD4418D43A880031DB55 /* Foundation.framework */ = {isa = PBXFileReference; lastKnownFileType = wrapper.framework; name = Foundation.framework; path = System/Library/Frameworks/Foundation.framework; sourceTree = SDKROOT; };
		84C2DD4618D43A880031DB55 /* CoreGraphics.framework */ = {isa = PBXFileReference; lastKnownFileType = wrapper.framework; name = CoreGraphics.framework; path = System/Library/Frameworks/CoreGraphics.framework; sourceTree = SDKROOT; };
		84C2DD4818D43A880031DB55 /* UIKit.framework */ = {isa = PBXFileReference; lastKnownFileType = wrapper.framework; name = UIKit.framework; path = System/Library/Frameworks/UIKit.framework; sourceTree = SDKROOT; };
		84C2DD4C18D43A880031DB55 /* Hacker News Feed-Info.plist */ = {isa = PBXFileReference; lastKnownFileType = text.plist.xml; path = "Hacker News Feed-Info.plist"; sourceTree = "<group>"; };
		84C2DD4E18D43A880031DB55 /* en */ = {isa = PBXFileReference; lastKnownFileType = text.plist.strings; name = en; path = en.lproj/InfoPlist.strings; sourceTree = "<group>"; };
		84C2DD5018D43A880031DB55 /* main.m */ = {isa = PBXFileReference; lastKnownFileType = sourcecode.c.objc; path = main.m; sourceTree = "<group>"; };
		84C2DD5218D43A880031DB55 /* Hacker News Feed-Prefix.pch */ = {isa = PBXFileReference; lastKnownFileType = sourcecode.c.h; path = "Hacker News Feed-Prefix.pch"; sourceTree = "<group>"; };
		84C2DD5318D43A880031DB55 /* K3AppDelegate.h */ = {isa = PBXFileReference; lastKnownFileType = sourcecode.c.h; path = K3AppDelegate.h; sourceTree = "<group>"; };
		84C2DD5418D43A880031DB55 /* K3AppDelegate.m */ = {isa = PBXFileReference; lastKnownFileType = sourcecode.c.objc; path = K3AppDelegate.m; sourceTree = "<group>"; };
		84C2DD5718D43A880031DB55 /* Base */ = {isa = PBXFileReference; lastKnownFileType = file.storyboard; name = Base; path = Base.lproj/Main.storyboard; sourceTree = "<group>"; };
		84C2DD5C18D43A880031DB55 /* Images.xcassets */ = {isa = PBXFileReference; lastKnownFileType = folder.assetcatalog; path = Images.xcassets; sourceTree = "<group>"; };
		84C2DD6218D43A880031DB55 /* Hacker News FeedTests.xctest */ = {isa = PBXFileReference; explicitFileType = wrapper.cfbundle; includeInIndex = 0; path = "Hacker News FeedTests.xctest"; sourceTree = BUILT_PRODUCTS_DIR; };
		84C2DD6318D43A880031DB55 /* XCTest.framework */ = {isa = PBXFileReference; lastKnownFileType = wrapper.framework; name = XCTest.framework; path = Library/Frameworks/XCTest.framework; sourceTree = DEVELOPER_DIR; };
		84C2DD6B18D43A880031DB55 /* Hacker News FeedTests-Info.plist */ = {isa = PBXFileReference; lastKnownFileType = text.plist.xml; path = "Hacker News FeedTests-Info.plist"; sourceTree = "<group>"; };
		84C2DD6D18D43A880031DB55 /* en */ = {isa = PBXFileReference; lastKnownFileType = text.plist.strings; name = en; path = en.lproj/InfoPlist.strings; sourceTree = "<group>"; };
		84C2DD6F18D43A880031DB55 /* Hacker_News_FeedTests.m */ = {isa = PBXFileReference; lastKnownFileType = sourcecode.c.objc; path = Hacker_News_FeedTests.m; sourceTree = "<group>"; };
		84C2DD8218D43CDA0031DB55 /* K3FeedController.h */ = {isa = PBXFileReference; fileEncoding = 4; lastKnownFileType = sourcecode.c.h; path = K3FeedController.h; sourceTree = "<group>"; };
		84C2DD8318D43CDA0031DB55 /* K3FeedController.m */ = {isa = PBXFileReference; fileEncoding = 4; lastKnownFileType = sourcecode.c.objc; path = K3FeedController.m; sourceTree = "<group>"; };
		84C2DD8518D43D3A0031DB55 /* K3FeedService.h */ = {isa = PBXFileReference; fileEncoding = 4; lastKnownFileType = sourcecode.c.h; path = K3FeedService.h; sourceTree = "<group>"; };
		84C2DD8618D43D3A0031DB55 /* K3FeedService.m */ = {isa = PBXFileReference; fileEncoding = 4; lastKnownFileType = sourcecode.c.objc; path = K3FeedService.m; sourceTree = "<group>"; };
		84C2DD8A18D449740031DB55 /* K3FeedProtocol.h */ = {isa = PBXFileReference; lastKnownFileType = sourcecode.c.h; path = K3FeedProtocol.h; sourceTree = "<group>"; };
		84C2DD8B18D44ED80031DB55 /* K3FeedDetailController.h */ = {isa = PBXFileReference; fileEncoding = 4; lastKnownFileType = sourcecode.c.h; path = K3FeedDetailController.h; sourceTree = "<group>"; };
		84C2DD8C18D44ED80031DB55 /* K3FeedDetailController.m */ = {isa = PBXFileReference; fileEncoding = 4; lastKnownFileType = sourcecode.c.objc; path = K3FeedDetailController.m; sourceTree = "<group>"; };
		998A0BB838C5439590FE997D /* libPods.a */ = {isa = PBXFileReference; explicitFileType = archive.ar; includeInIndex = 0; path = libPods.a; sourceTree = BUILT_PRODUCTS_DIR; };
/* End PBXFileReference section */

/* Begin PBXFrameworksBuildPhase section */
		84C2DD3E18D43A880031DB55 /* Frameworks */ = {
			isa = PBXFrameworksBuildPhase;
			buildActionMask = 2147483647;
			files = (
				84C2DD4718D43A880031DB55 /* CoreGraphics.framework in Frameworks */,
				84C2DD4918D43A880031DB55 /* UIKit.framework in Frameworks */,
				84C2DD4518D43A880031DB55 /* Foundation.framework in Frameworks */,
				A5EA79C4EAA74691A7AB768C /* libPods.a in Frameworks */,
			);
			runOnlyForDeploymentPostprocessing = 0;
		};
		84C2DD5F18D43A880031DB55 /* Frameworks */ = {
			isa = PBXFrameworksBuildPhase;
			buildActionMask = 2147483647;
			files = (
				84C2DD6418D43A880031DB55 /* XCTest.framework in Frameworks */,
				84C2DD6618D43A880031DB55 /* UIKit.framework in Frameworks */,
				84C2DD6518D43A880031DB55 /* Foundation.framework in Frameworks */,
			);
			runOnlyForDeploymentPostprocessing = 0;
		};
/* End PBXFrameworksBuildPhase section */

/* Begin PBXGroup section */
		84C2DD3818D43A880031DB55 = {
			isa = PBXGroup;
			children = (
				84C2DD4A18D43A880031DB55 /* Hacker News Feed */,
				84C2DD6918D43A880031DB55 /* Hacker News FeedTests */,
				84C2DD4318D43A880031DB55 /* Frameworks */,
				84C2DD4218D43A880031DB55 /* Products */,
				56103EAB2DF848F6B1C0EEB3 /* Pods.xcconfig */,
			);
			sourceTree = "<group>";
		};
		84C2DD4218D43A880031DB55 /* Products */ = {
			isa = PBXGroup;
			children = (
				84C2DD4118D43A880031DB55 /* Hacker News Feed.app */,
				84C2DD6218D43A880031DB55 /* Hacker News FeedTests.xctest */,
			);
			name = Products;
			sourceTree = "<group>";
		};
		84C2DD4318D43A880031DB55 /* Frameworks */ = {
			isa = PBXGroup;
			children = (
				84C2DD4418D43A880031DB55 /* Foundation.framework */,
				84C2DD4618D43A880031DB55 /* CoreGraphics.framework */,
				84C2DD4818D43A880031DB55 /* UIKit.framework */,
				84C2DD6318D43A880031DB55 /* XCTest.framework */,
				998A0BB838C5439590FE997D /* libPods.a */,
			);
			name = Frameworks;
			sourceTree = "<group>";
		};
		84C2DD4A18D43A880031DB55 /* Hacker News Feed */ = {
			isa = PBXGroup;
			children = (
				84C2DD9118D456330031DB55 /* iPad */,
				84C2DD5318D43A880031DB55 /* K3AppDelegate.h */,
				84C2DD5418D43A880031DB55 /* K3AppDelegate.m */,
				84C2DD5618D43A880031DB55 /* Main.storyboard */,
				84C2DD5C18D43A880031DB55 /* Images.xcassets */,
				84C2DD4B18D43A880031DB55 /* Supporting Files */,
				84C2DD8218D43CDA0031DB55 /* K3FeedController.h */,
				84C2DD8318D43CDA0031DB55 /* K3FeedController.m */,
				84C2DD8518D43D3A0031DB55 /* K3FeedService.h */,
				84C2DD8618D43D3A0031DB55 /* K3FeedService.m */,
				84C2DD8A18D449740031DB55 /* K3FeedProtocol.h */,
				84C2DD8B18D44ED80031DB55 /* K3FeedDetailController.h */,
				84C2DD8C18D44ED80031DB55 /* K3FeedDetailController.m */,
			);
			path = "Hacker News Feed";
			sourceTree = "<group>";
		};
		84C2DD4B18D43A880031DB55 /* Supporting Files */ = {
			isa = PBXGroup;
			children = (
				84C2DD4C18D43A880031DB55 /* Hacker News Feed-Info.plist */,
				84C2DD4D18D43A880031DB55 /* InfoPlist.strings */,
				84C2DD5018D43A880031DB55 /* main.m */,
				84C2DD5218D43A880031DB55 /* Hacker News Feed-Prefix.pch */,
			);
			name = "Supporting Files";
			sourceTree = "<group>";
		};
		84C2DD6918D43A880031DB55 /* Hacker News FeedTests */ = {
			isa = PBXGroup;
			children = (
				84C2DD6F18D43A880031DB55 /* Hacker_News_FeedTests.m */,
				84C2DD6A18D43A880031DB55 /* Supporting Files */,
			);
			path = "Hacker News FeedTests";
			sourceTree = "<group>";
		};
		84C2DD6A18D43A880031DB55 /* Supporting Files */ = {
			isa = PBXGroup;
			children = (
				84C2DD6B18D43A880031DB55 /* Hacker News FeedTests-Info.plist */,
				84C2DD6C18D43A880031DB55 /* InfoPlist.strings */,
			);
			name = "Supporting Files";
			sourceTree = "<group>";
		};
		84C2DD9118D456330031DB55 /* iPad */ = {
			isa = PBXGroup;
			children = (
			);
			name = iPad;
			sourceTree = "<group>";
		};
/* End PBXGroup section */

/* Begin PBXNativeTarget section */
		84C2DD4018D43A880031DB55 /* Hacker News Feed */ = {
			isa = PBXNativeTarget;
			buildConfigurationList = 84C2DD7318D43A880031DB55 /* Build configuration list for PBXNativeTarget "Hacker News Feed" */;
			buildPhases = (
				F382A1CFDB18431F9AE5E1FA /* Check Pods Manifest.lock */,
				84C2DD3D18D43A880031DB55 /* Sources */,
				84C2DD3E18D43A880031DB55 /* Frameworks */,
				84C2DD3F18D43A880031DB55 /* Resources */,
				014C27E20B644161B9D919BE /* Copy Pods Resources */,
			);
			buildRules = (
			);
			dependencies = (
			);
			name = "Hacker News Feed";
			productName = "Hacker News Feed";
			productReference = 84C2DD4118D43A880031DB55 /* Hacker News Feed.app */;
			productType = "com.apple.product-type.application";
		};
		84C2DD6118D43A880031DB55 /* Hacker News FeedTests */ = {
			isa = PBXNativeTarget;
			buildConfigurationList = 84C2DD7618D43A880031DB55 /* Build configuration list for PBXNativeTarget "Hacker News FeedTests" */;
			buildPhases = (
				84C2DD5E18D43A880031DB55 /* Sources */,
				84C2DD5F18D43A880031DB55 /* Frameworks */,
				84C2DD6018D43A880031DB55 /* Resources */,
			);
			buildRules = (
			);
			dependencies = (
				84C2DD6818D43A880031DB55 /* PBXTargetDependency */,
			);
			name = "Hacker News FeedTests";
			productName = "Hacker News FeedTests";
			productReference = 84C2DD6218D43A880031DB55 /* Hacker News FeedTests.xctest */;
			productType = "com.apple.product-type.bundle.unit-test";
		};
/* End PBXNativeTarget section */

/* Begin PBXProject section */
		84C2DD3918D43A880031DB55 /* Project object */ = {
			isa = PBXProject;
			attributes = {
				CLASSPREFIX = K3;
				LastUpgradeCheck = 0510;
				ORGANIZATIONNAME = Kiran;
				TargetAttributes = {
					84C2DD6118D43A880031DB55 = {
						TestTargetID = 84C2DD4018D43A880031DB55;
					};
				};
			};
			buildConfigurationList = 84C2DD3C18D43A880031DB55 /* Build configuration list for PBXProject "Hacker News Feed" */;
			compatibilityVersion = "Xcode 3.2";
			developmentRegion = English;
			hasScannedForEncodings = 0;
			knownRegions = (
				en,
				Base,
			);
			mainGroup = 84C2DD3818D43A880031DB55;
			productRefGroup = 84C2DD4218D43A880031DB55 /* Products */;
			projectDirPath = "";
			projectRoot = "";
			targets = (
				84C2DD4018D43A880031DB55 /* Hacker News Feed */,
				84C2DD6118D43A880031DB55 /* Hacker News FeedTests */,
			);
		};
/* End PBXProject section */

/* Begin PBXResourcesBuildPhase section */
		84C2DD3F18D43A880031DB55 /* Resources */ = {
			isa = PBXResourcesBuildPhase;
			buildActionMask = 2147483647;
			files = (
				84C2DD5D18D43A880031DB55 /* Images.xcassets in Resources */,
				84C2DD4F18D43A880031DB55 /* InfoPlist.strings in Resources */,
				84C2DD5818D43A880031DB55 /* Main.storyboard in Resources */,
			);
			runOnlyForDeploymentPostprocessing = 0;
		};
		84C2DD6018D43A880031DB55 /* Resources */ = {
			isa = PBXResourcesBuildPhase;
			buildActionMask = 2147483647;
			files = (
				84C2DD6E18D43A880031DB55 /* InfoPlist.strings in Resources */,
			);
			runOnlyForDeploymentPostprocessing = 0;
		};
/* End PBXResourcesBuildPhase section */

/* Begin PBXShellScriptBuildPhase section */
		014C27E20B644161B9D919BE /* Copy Pods Resources */ = {
			isa = PBXShellScriptBuildPhase;
			buildActionMask = 2147483647;
			files = (
			);
			inputPaths = (
			);
			name = "Copy Pods Resources";
			outputPaths = (
			);
			runOnlyForDeploymentPostprocessing = 0;
			shellPath = /bin/sh;
			shellScript = "\"${SRCROOT}/Pods/Pods-resources.sh\"\n";
			showEnvVarsInLog = 0;
		};
		F382A1CFDB18431F9AE5E1FA /* Check Pods Manifest.lock */ = {
			isa = PBXShellScriptBuildPhase;
			buildActionMask = 2147483647;
			files = (
			);
			inputPaths = (
			);
			name = "Check Pods Manifest.lock";
			outputPaths = (
			);
			runOnlyForDeploymentPostprocessing = 0;
			shellPath = /bin/sh;
			shellScript = "diff \"${PODS_ROOT}/../Podfile.lock\" \"${PODS_ROOT}/Manifest.lock\" > /dev/null\nif [[ $? != 0 ]] ; then\n    cat << EOM\nerror: The sandbox is not in sync with the Podfile.lock. Run 'pod install' or update your CocoaPods installation.\nEOM\n    exit 1\nfi\n";
			showEnvVarsInLog = 0;
		};
/* End PBXShellScriptBuildPhase section */

/* Begin PBXSourcesBuildPhase section */
		84C2DD3D18D43A880031DB55 /* Sources */ = {
			isa = PBXSourcesBuildPhase;
			buildActionMask = 2147483647;
			files = (
				84C2DD5518D43A880031DB55 /* K3AppDelegate.m in Sources */,
				84C2DD8718D43D3A0031DB55 /* K3FeedService.m in Sources */,
				84C2DD8418D43CDA0031DB55 /* K3FeedController.m in Sources */,
				84C2DD5118D43A880031DB55 /* main.m in Sources */,
				84C2DD8D18D44ED80031DB55 /* K3FeedDetailController.m in Sources */,
			);
			runOnlyForDeploymentPostprocessing = 0;
		};
		84C2DD5E18D43A880031DB55 /* Sources */ = {
			isa = PBXSourcesBuildPhase;
			buildActionMask = 2147483647;
			files = (
				84C2DD7018D43A880031DB55 /* Hacker_News_FeedTests.m in Sources */,
			);
			runOnlyForDeploymentPostprocessing = 0;
		};
/* End PBXSourcesBuildPhase section */

/* Begin PBXTargetDependency section */
		84C2DD6818D43A880031DB55 /* PBXTargetDependency */ = {
			isa = PBXTargetDependency;
			target = 84C2DD4018D43A880031DB55 /* Hacker News Feed */;
			targetProxy = 84C2DD6718D43A880031DB55 /* PBXContainerItemProxy */;
		};
/* End PBXTargetDependency section */

/* Begin PBXVariantGroup section */
		84C2DD4D18D43A880031DB55 /* InfoPlist.strings */ = {
			isa = PBXVariantGroup;
			children = (
				84C2DD4E18D43A880031DB55 /* en */,
			);
			name = InfoPlist.strings;
			sourceTree = "<group>";
		};
		84C2DD5618D43A880031DB55 /* Main.storyboard */ = {
			isa = PBXVariantGroup;
			children = (
				84C2DD5718D43A880031DB55 /* Base */,
			);
			name = Main.storyboard;
			sourceTree = "<group>";
		};
		84C2DD6C18D43A880031DB55 /* InfoPlist.strings */ = {
			isa = PBXVariantGroup;
			children = (
				84C2DD6D18D43A880031DB55 /* en */,
			);
			name = InfoPlist.strings;
			sourceTree = "<group>";
		};
/* End PBXVariantGroup section */

/* Begin XCBuildConfiguration section */
		84C2DD7118D43A880031DB55 /* Debug */ = {
			isa = XCBuildConfiguration;
			buildSettings = {
				ALWAYS_SEARCH_USER_PATHS = NO;
				CLANG_CXX_LANGUAGE_STANDARD = "gnu++0x";
				CLANG_CXX_LIBRARY = "libc++";
				CLANG_ENABLE_MODULES = YES;
				CLANG_ENABLE_OBJC_ARC = YES;
				CLANG_WARN_BOOL_CONVERSION = YES;
				CLANG_WARN_CONSTANT_CONVERSION = YES;
				CLANG_WARN_DIRECT_OBJC_ISA_USAGE = YES_ERROR;
				CLANG_WARN_EMPTY_BODY = YES;
				CLANG_WARN_ENUM_CONVERSION = YES;
				CLANG_WARN_INT_CONVERSION = YES;
				CLANG_WARN_OBJC_ROOT_CLASS = YES_ERROR;
				CLANG_WARN__DUPLICATE_METHOD_MATCH = YES;
				"CODE_SIGN_IDENTITY[sdk=iphoneos*]" = "iPhone Developer";
				COPY_PHASE_STRIP = NO;
				GCC_C_LANGUAGE_STANDARD = gnu99;
				GCC_DYNAMIC_NO_PIC = NO;
				GCC_OPTIMIZATION_LEVEL = 0;
				GCC_PREPROCESSOR_DEFINITIONS = (
					"DEBUG=1",
					"$(inherited)",
				);
				GCC_SYMBOLS_PRIVATE_EXTERN = NO;
				GCC_WARN_64_TO_32_BIT_CONVERSION = YES;
				GCC_WARN_ABOUT_RETURN_TYPE = YES_ERROR;
				GCC_WARN_UNDECLARED_SELECTOR = YES;
				GCC_WARN_UNINITIALIZED_AUTOS = YES_AGGRESSIVE;
				GCC_WARN_UNUSED_FUNCTION = YES;
				GCC_WARN_UNUSED_VARIABLE = YES;
				IPHONEOS_DEPLOYMENT_TARGET = 7.1;
				ONLY_ACTIVE_ARCH = YES;
				SDKROOT = iphoneos;
			};
			name = Debug;
		};
		84C2DD7218D43A880031DB55 /* Release */ = {
			isa = XCBuildConfiguration;
			buildSettings = {
				ALWAYS_SEARCH_USER_PATHS = NO;
				CLANG_CXX_LANGUAGE_STANDARD = "gnu++0x";
				CLANG_CXX_LIBRARY = "libc++";
				CLANG_ENABLE_MODULES = YES;
				CLANG_ENABLE_OBJC_ARC = YES;
				CLANG_WARN_BOOL_CONVERSION = YES;
				CLANG_WARN_CONSTANT_CONVERSION = YES;
				CLANG_WARN_DIRECT_OBJC_ISA_USAGE = YES_ERROR;
				CLANG_WARN_EMPTY_BODY = YES;
				CLANG_WARN_ENUM_CONVERSION = YES;
				CLANG_WARN_INT_CONVERSION = YES;
				CLANG_WARN_OBJC_ROOT_CLASS = YES_ERROR;
				CLANG_WARN__DUPLICATE_METHOD_MATCH = YES;
				"CODE_SIGN_IDENTITY[sdk=iphoneos*]" = "iPhone Developer";
				COPY_PHASE_STRIP = YES;
				ENABLE_NS_ASSERTIONS = NO;
				GCC_C_LANGUAGE_STANDARD = gnu99;
				GCC_WARN_64_TO_32_BIT_CONVERSION = YES;
				GCC_WARN_ABOUT_RETURN_TYPE = YES_ERROR;
				GCC_WARN_UNDECLARED_SELECTOR = YES;
				GCC_WARN_UNINITIALIZED_AUTOS = YES_AGGRESSIVE;
				GCC_WARN_UNUSED_FUNCTION = YES;
				GCC_WARN_UNUSED_VARIABLE = YES;
				IPHONEOS_DEPLOYMENT_TARGET = 7.1;
				SDKROOT = iphoneos;
				VALIDATE_PRODUCT = YES;
			};
			name = Release;
		};
		84C2DD7418D43A880031DB55 /* Debug */ = {
			isa = XCBuildConfiguration;
			baseConfigurationReference = 56103EAB2DF848F6B1C0EEB3 /* Pods.xcconfig */;
			buildSettings = {
				ASSETCATALOG_COMPILER_APPICON_NAME = AppIcon;
				ASSETCATALOG_COMPILER_LAUNCHIMAGE_NAME = LaunchImage;
				GCC_PRECOMPILE_PREFIX_HEADER = YES;
				GCC_PREFIX_HEADER = "Hacker News Feed/Hacker News Feed-Prefix.pch";
				INFOPLIST_FILE = "Hacker News Feed/Hacker News Feed-Info.plist";
				IPHONEOS_DEPLOYMENT_TARGET = 7.1;
				PRODUCT_NAME = "$(TARGET_NAME)";
				TARGETED_DEVICE_FAMILY = 1;
				WRAPPER_EXTENSION = app;
			};
			name = Debug;
		};
		84C2DD7518D43A880031DB55 /* Release */ = {
			isa = XCBuildConfiguration;
			baseConfigurationReference = 56103EAB2DF848F6B1C0EEB3 /* Pods.xcconfig */;
			buildSettings = {
				ASSETCATALOG_COMPILER_APPICON_NAME = AppIcon;
				ASSETCATALOG_COMPILER_LAUNCHIMAGE_NAME = LaunchImage;
				GCC_PRECOMPILE_PREFIX_HEADER = YES;
				GCC_PREFIX_HEADER = "Hacker News Feed/Hacker News Feed-Prefix.pch";
				INFOPLIST_FILE = "Hacker News Feed/Hacker News Feed-Info.plist";
				IPHONEOS_DEPLOYMENT_TARGET = 7.1;
				PRODUCT_NAME = "$(TARGET_NAME)";
				TARGETED_DEVICE_FAMILY = 1;
				WRAPPER_EXTENSION = app;
			};
			name = Release;
		};
		84C2DD7718D43A880031DB55 /* Debug */ = {
			isa = XCBuildConfiguration;
			buildSettings = {
				BUNDLE_LOADER = "$(BUILT_PRODUCTS_DIR)/Hacker News Feed.app/Hacker News Feed";
				FRAMEWORK_SEARCH_PATHS = (
					"$(SDKROOT)/Developer/Library/Frameworks",
					"$(inherited)",
					"$(DEVELOPER_FRAMEWORKS_DIR)",
				);
				GCC_PRECOMPILE_PREFIX_HEADER = YES;
				GCC_PREFIX_HEADER = "Hacker News Feed/Hacker News Feed-Prefix.pch";
				GCC_PREPROCESSOR_DEFINITIONS = (
					"DEBUG=1",
					"$(inherited)",
				);
				INFOPLIST_FILE = "Hacker News FeedTests/Hacker News FeedTests-Info.plist";
				PRODUCT_NAME = "$(TARGET_NAME)";
				TEST_HOST = "$(BUNDLE_LOADER)";
				WRAPPER_EXTENSION = xctest;
			};
			name = Debug;
		};
		84C2DD7818D43A880031DB55 /* Release */ = {
			isa = XCBuildConfiguration;
			buildSettings = {
				BUNDLE_LOADER = "$(BUILT_PRODUCTS_DIR)/Hacker News Feed.app/Hacker News Feed";
				FRAMEWORK_SEARCH_PATHS = (
					"$(SDKROOT)/Developer/Library/Frameworks",
					"$(inherited)",
					"$(DEVELOPER_FRAMEWORKS_DIR)",
				);
				GCC_PRECOMPILE_PREFIX_HEADER = YES;
				GCC_PREFIX_HEADER = "Hacker News Feed/Hacker News Feed-Prefix.pch";
				INFOPLIST_FILE = "Hacker News FeedTests/Hacker News FeedTests-Info.plist";
				PRODUCT_NAME = "$(TARGET_NAME)";
				TEST_HOST = "$(BUNDLE_LOADER)";
				WRAPPER_EXTENSION = xctest;
			};
			name = Release;
		};
/* End XCBuildConfiguration section */

/* Begin XCConfigurationList section */
		84C2DD3C18D43A880031DB55 /* Build configuration list for PBXProject "Hacker News Feed" */ = {
			isa = XCConfigurationList;
			buildConfigurations = (
				84C2DD7118D43A880031DB55 /* Debug */,
				84C2DD7218D43A880031DB55 /* Release */,
			);
			defaultConfigurationIsVisible = 0;
			defaultConfigurationName = Release;
		};
		84C2DD7318D43A880031DB55 /* Build configuration list for PBXNativeTarget "Hacker News Feed" */ = {
			isa = XCConfigurationList;
			buildConfigurations = (
				84C2DD7418D43A880031DB55 /* Debug */,
				84C2DD7518D43A880031DB55 /* Release */,
			);
			defaultConfigurationIsVisible = 0;
			defaultConfigurationName = Release;
		};
		84C2DD7618D43A880031DB55 /* Build configuration list for PBXNativeTarget "Hacker News FeedTests" */ = {
			isa = XCConfigurationList;
			buildConfigurations = (
				84C2DD7718D43A880031DB55 /* Debug */,
				84C2DD7818D43A880031DB55 /* Release */,
			);
			defaultConfigurationIsVisible = 0;
			defaultConfigurationName = Release;
		};
/* End XCConfigurationList section */
	};
	rootObject = 84C2DD3918D43A880031DB55 /* Project object */;
}
